
Microsoft Visual Studio Solution File, Format Version 12.00
# Visual Studio 14
VisualStudioVersion = 14.0.23107.0
MinimumVisualStudioVersion = 10.0.40219.1
Project("{FAE04EC0-301F-11D3-BF4B-00C04F79EFBC}") = "MesServices.Desktop", "MesServices.Desktop\MesServices.Desktop.csproj", "{EEFA697A-0D89-4008-8AEC-49A83EEE1AFB}"
EndProject
Project("{FAE04EC0-301F-11D3-BF4B-00C04F79EFBC}") = "Business", "Business\Business.csproj", "{71994DB2-5DDD-48E0-9019-97C9F2DF3B79}"
EndProject
Global
	GlobalSection(SolutionConfigurationPlatforms) = preSolution
		Debug|Any CPU = Debug|Any CPU
		Release|Any CPU = Release|Any CPU
	EndGlobalSection
	GlobalSection(ProjectConfigurationPlatforms) = postSolution
		{EEFA697A-0D89-4008-8AEC-49A83EEE1AFB}.Debug|Any CPU.ActiveCfg = Debug|Any CPU
		{EEFA697A-0D89-4008-8AEC-49A83EEE1AFB}.Debug|Any CPU.Build.0 = Debug|Any CPU
		{EEFA697A-0D89-4008-8AEC-49A83EEE1AFB}.Release|Any CPU.ActiveCfg = Release|Any CPU
		{EEFA697A-0D89-4008-8AEC-49A83EEE1AFB}.Release|Any CPU.Build.0 = Release|Any CPU
		{71994DB2-5DDD-48E0-9019-97C9F2DF3B79}.Debug|Any CPU.ActiveCfg = Debug|Any CPU
		{71994DB2-5DDD-48E0-9019-97C9F2DF3B79}.Debug|Any CPU.Build.0 = Debug|Any CPU
		{71994DB2-5DDD-48E0-9019-97C9F2DF3B79}.Release|Any CPU.ActiveCfg = Release|Any CPU
		{71994DB2-5DDD-48E0-9019-97C9F2DF3B79}.Release|Any CPU.Build.0 = Release|Any CPU
	EndGlobalSection
	GlobalSection(SolutionProperties) = preSolution
		HideSolutionNode = FALSE
	EndGlobalSection
EndGlobal
